// !$*UTF8*$!
{
	archiveVersion = 1;
	classes = {
	};
	objectVersion = 51;
	objects = {

/* Begin PBXBuildFile section */
		B73FE34D2674C59C00747D25 /* CurrentYearViewController.swift in Sources */ = {isa = PBXBuildFile; fileRef = B73FE34C2674C59C00747D25 /* CurrentYearViewController.swift */; };
		B73FE3502674DAB500747D25 /* Race.swift in Sources */ = {isa = PBXBuildFile; fileRef = B73FE34F2674DAB500747D25 /* Race.swift */; };
		B73FE3532674DAC000747D25 /* Driver.swift in Sources */ = {isa = PBXBuildFile; fileRef = B73FE3522674DAC000747D25 /* Driver.swift */; };
		B73FE35C2675148900747D25 /* WebViewController.swift in Sources */ = {isa = PBXBuildFile; fileRef = B73FE35B2675148900747D25 /* WebViewController.swift */; };
		B73FE361267515BE00747D25 /* WebKit.framework in Frameworks */ = {isa = PBXBuildFile; fileRef = B73FE35E2675159100747D25 /* WebKit.framework */; };
		B73FE3662675268500747D25 /* AlertMessage.swift in Sources */ = {isa = PBXBuildFile; fileRef = B73FE3652675268500747D25 /* AlertMessage.swift */; };
		B73FE36926752DD400747D25 /* Enumerations.swift in Sources */ = {isa = PBXBuildFile; fileRef = B73FE36826752DD400747D25 /* Enumerations.swift */; };
		B73FE36E267531CA00747D25 /* ActivityCell.xib in Resources */ = {isa = PBXBuildFile; fileRef = B73FE36D267531CA00747D25 /* ActivityCell.xib */; };
		B73FE3712675321C00747D25 /* ActivityCell.swift in Sources */ = {isa = PBXBuildFile; fileRef = B73FE3702675321C00747D25 /* ActivityCell.swift */; };
		B74CCF6D26755C36000C152E /* Identifiers.swift in Sources */ = {isa = PBXBuildFile; fileRef = B74CCF6C26755C36000C152E /* Identifiers.swift */; };
		B7766A7E2677B81B0006B628 /* DetailViewController.swift in Sources */ = {isa = PBXBuildFile; fileRef = B7766A7D2677B81B0006B628 /* DetailViewController.swift */; };
		B776A067266EB86E00FE7532 /* AppDelegate.swift in Sources */ = {isa = PBXBuildFile; fileRef = B776A066266EB86E00FE7532 /* AppDelegate.swift */; };
		B776A069266EB86E00FE7532 /* SceneDelegate.swift in Sources */ = {isa = PBXBuildFile; fileRef = B776A068266EB86E00FE7532 /* SceneDelegate.swift */; };
		B776A06E266EB86E00FE7532 /* Main.storyboard in Resources */ = {isa = PBXBuildFile; fileRef = B776A06C266EB86E00FE7532 /* Main.storyboard */; };
		B776A070266EB87900FE7532 /* Assets.xcassets in Resources */ = {isa = PBXBuildFile; fileRef = B776A06F266EB87900FE7532 /* Assets.xcassets */; };
		B776A073266EB87900FE7532 /* LaunchScreen.storyboard in Resources */ = {isa = PBXBuildFile; fileRef = B776A071266EB87900FE7532 /* LaunchScreen.storyboard */; };
		B776A089266EBFE900FE7532 /* .swiftlint.yml in Resources */ = {isa = PBXBuildFile; fileRef = B776A088266EBFE900FE7532 /* .swiftlint.yml */; };
		B77716C226739F2A005938C8 /* SearchViewController.swift in Sources */ = {isa = PBXBuildFile; fileRef = B77716C126739F2A005938C8 /* SearchViewController.swift */; };
		B77716CC2673F1D8005938C8 /* SuperTableViewController.swift in Sources */ = {isa = PBXBuildFile; fileRef = B77716CB2673F1D7005938C8 /* SuperTableViewController.swift */; };
		B777BB342670BFC700A48B55 /* ResultCell.xib in Resources */ = {isa = PBXBuildFile; fileRef = B777BB332670BFC700A48B55 /* ResultCell.xib */; };
		B777BB372670C26A00A48B55 /* ResultCell.swift in Sources */ = {isa = PBXBuildFile; fileRef = B777BB362670C26A00A48B55 /* ResultCell.swift */; };
		B777BB3A2670C65300A48B55 /* FormulaData.swift in Sources */ = {isa = PBXBuildFile; fileRef = B777BB392670C65300A48B55 /* FormulaData.swift */; };
		B777BB432670CC7200A48B55 /* QueryService.swift in Sources */ = {isa = PBXBuildFile; fileRef = B777BB422670CC7200A48B55 /* QueryService.swift */; };
		C16CF70BE4683EBDD14B5F24 /* Pods_F1RaceInfo.framework in Frameworks */ = {isa = PBXBuildFile; fileRef = DC7955095DDC630FE398F29A /* Pods_F1RaceInfo.framework */; };
/* End PBXBuildFile section */

/* Begin PBXFileReference section */
		3C5B1F1287E438E566950DA5 /* Pods-F1RaceInfo.debug.xcconfig */ = {isa = PBXFileReference; includeInIndex = 1; lastKnownFileType = text.xcconfig; name = "Pods-F1RaceInfo.debug.xcconfig"; path = "Target Support Files/Pods-F1RaceInfo/Pods-F1RaceInfo.debug.xcconfig"; sourceTree = "<group>"; };
		919C58755B6026E2558A9CBA /* Pods-F1RaceInfo.release.xcconfig */ = {isa = PBXFileReference; includeInIndex = 1; lastKnownFileType = text.xcconfig; name = "Pods-F1RaceInfo.release.xcconfig"; path = "Target Support Files/Pods-F1RaceInfo/Pods-F1RaceInfo.release.xcconfig"; sourceTree = "<group>"; };
		B73FE34C2674C59C00747D25 /* CurrentYearViewController.swift */ = {isa = PBXFileReference; lastKnownFileType = sourcecode.swift; path = CurrentYearViewController.swift; sourceTree = "<group>"; };
		B73FE34F2674DAB500747D25 /* Race.swift */ = {isa = PBXFileReference; lastKnownFileType = sourcecode.swift; path = Race.swift; sourceTree = "<group>"; };
		B73FE3522674DAC000747D25 /* Driver.swift */ = {isa = PBXFileReference; lastKnownFileType = sourcecode.swift; path = Driver.swift; sourceTree = "<group>"; };
		B73FE35B2675148900747D25 /* WebViewController.swift */ = {isa = PBXFileReference; lastKnownFileType = sourcecode.swift; path = WebViewController.swift; sourceTree = "<group>"; };
		B73FE35E2675159100747D25 /* WebKit.framework */ = {isa = PBXFileReference; lastKnownFileType = wrapper.framework; name = WebKit.framework; path = System/Library/Frameworks/WebKit.framework; sourceTree = SDKROOT; };
		B73FE3652675268500747D25 /* AlertMessage.swift */ = {isa = PBXFileReference; lastKnownFileType = sourcecode.swift; path = AlertMessage.swift; sourceTree = "<group>"; };
		B73FE36826752DD400747D25 /* Enumerations.swift */ = {isa = PBXFileReference; lastKnownFileType = sourcecode.swift; path = Enumerations.swift; sourceTree = "<group>"; };
		B73FE36D267531CA00747D25 /* ActivityCell.xib */ = {isa = PBXFileReference; lastKnownFileType = file.xib; path = ActivityCell.xib; sourceTree = "<group>"; };
		B73FE3702675321C00747D25 /* ActivityCell.swift */ = {isa = PBXFileReference; lastKnownFileType = sourcecode.swift; path = ActivityCell.swift; sourceTree = "<group>"; };
		B74CCF6C26755C36000C152E /* Identifiers.swift */ = {isa = PBXFileReference; lastKnownFileType = sourcecode.swift; path = Identifiers.swift; sourceTree = "<group>"; };
		B7766A7D2677B81B0006B628 /* DetailViewController.swift */ = {isa = PBXFileReference; lastKnownFileType = sourcecode.swift; path = DetailViewController.swift; sourceTree = "<group>"; };
		B776A063266EB86E00FE7532 /* F1RaceInfo.app */ = {isa = PBXFileReference; explicitFileType = wrapper.application; includeInIndex = 0; path = F1RaceInfo.app; sourceTree = BUILT_PRODUCTS_DIR; };
		B776A066266EB86E00FE7532 /* AppDelegate.swift */ = {isa = PBXFileReference; lastKnownFileType = sourcecode.swift; path = AppDelegate.swift; sourceTree = "<group>"; };
		B776A068266EB86E00FE7532 /* SceneDelegate.swift */ = {isa = PBXFileReference; lastKnownFileType = sourcecode.swift; path = SceneDelegate.swift; sourceTree = "<group>"; };
		B776A06D266EB86E00FE7532 /* Base */ = {isa = PBXFileReference; lastKnownFileType = file.storyboard; name = Base; path = Base.lproj/Main.storyboard; sourceTree = "<group>"; };
		B776A06F266EB87900FE7532 /* Assets.xcassets */ = {isa = PBXFileReference; lastKnownFileType = folder.assetcatalog; path = Assets.xcassets; sourceTree = "<group>"; };
		B776A072266EB87900FE7532 /* Base */ = {isa = PBXFileReference; lastKnownFileType = file.storyboard; name = Base; path = Base.lproj/LaunchScreen.storyboard; sourceTree = "<group>"; };
		B776A074266EB87900FE7532 /* Info.plist */ = {isa = PBXFileReference; lastKnownFileType = text.plist.xml; path = Info.plist; sourceTree = "<group>"; };
		B776A088266EBFE900FE7532 /* .swiftlint.yml */ = {isa = PBXFileReference; lastKnownFileType = text.yaml; path = .swiftlint.yml; sourceTree = "<group>"; };
		B77716C126739F2A005938C8 /* SearchViewController.swift */ = {isa = PBXFileReference; lastKnownFileType = sourcecode.swift; path = SearchViewController.swift; sourceTree = "<group>"; };
		B77716CB2673F1D7005938C8 /* SuperTableViewController.swift */ = {isa = PBXFileReference; lastKnownFileType = sourcecode.swift; path = SuperTableViewController.swift; sourceTree = "<group>"; };
		B777BB332670BFC700A48B55 /* ResultCell.xib */ = {isa = PBXFileReference; lastKnownFileType = file.xib; path = ResultCell.xib; sourceTree = "<group>"; };
		B777BB362670C26A00A48B55 /* ResultCell.swift */ = {isa = PBXFileReference; lastKnownFileType = sourcecode.swift; path = ResultCell.swift; sourceTree = "<group>"; };
		B777BB392670C65300A48B55 /* FormulaData.swift */ = {isa = PBXFileReference; lastKnownFileType = sourcecode.swift; path = FormulaData.swift; sourceTree = "<group>"; };
		B777BB422670CC7200A48B55 /* QueryService.swift */ = {isa = PBXFileReference; lastKnownFileType = sourcecode.swift; path = QueryService.swift; sourceTree = "<group>"; };
		DC7955095DDC630FE398F29A /* Pods_F1RaceInfo.framework */ = {isa = PBXFileReference; explicitFileType = wrapper.framework; includeInIndex = 0; path = Pods_F1RaceInfo.framework; sourceTree = BUILT_PRODUCTS_DIR; };
/* End PBXFileReference section */

/* Begin PBXFrameworksBuildPhase section */
		B776A060266EB86E00FE7532 /* Frameworks */ = {
			isa = PBXFrameworksBuildPhase;
			buildActionMask = 2147483647;
			files = (
				B73FE361267515BE00747D25 /* WebKit.framework in Frameworks */,
				C16CF70BE4683EBDD14B5F24 /* Pods_F1RaceInfo.framework in Frameworks */,
			);
			runOnlyForDeploymentPostprocessing = 0;
		};
/* End PBXFrameworksBuildPhase section */

/* Begin PBXGroup section */
		9C02EABBF72F802DE5BFAD64 /* Pods */ = {
			isa = PBXGroup;
			children = (
				3C5B1F1287E438E566950DA5 /* Pods-F1RaceInfo.debug.xcconfig */,
				919C58755B6026E2558A9CBA /* Pods-F1RaceInfo.release.xcconfig */,
			);
			path = Pods;
			sourceTree = "<group>";
		};
		B73FE37526755A3A00747D25 /* TableViewCell */ = {
			isa = PBXGroup;
			children = (
				B777BB332670BFC700A48B55 /* ResultCell.xib */,
				B777BB362670C26A00A48B55 /* ResultCell.swift */,
				B73FE36D267531CA00747D25 /* ActivityCell.xib */,
				B73FE3702675321C00747D25 /* ActivityCell.swift */,
			);
			path = TableViewCell;
			sourceTree = "<group>";
		};
		B776A05A266EB86E00FE7532 = {
			isa = PBXGroup;
			children = (
				B776A088266EBFE900FE7532 /* .swiftlint.yml */,
				B776A065266EB86E00FE7532 /* F1RaceInfo */,
				B776A064266EB86E00FE7532 /* Products */,
				9C02EABBF72F802DE5BFAD64 /* Pods */,
				DD12B98D6E82922FC3B809D8 /* Frameworks */,
			);
			sourceTree = "<group>";
		};
		B776A064266EB86E00FE7532 /* Products */ = {
			isa = PBXGroup;
			children = (
				B776A063266EB86E00FE7532 /* F1RaceInfo.app */,
			);
			name = Products;
			sourceTree = "<group>";
		};
		B776A065266EB86E00FE7532 /* F1RaceInfo */ = {
			isa = PBXGroup;
			children = (
				B776A082266EBBAE00FE7532 /* Supporting Files */,
				B776A081266EBBA300FE7532 /* Networking */,
				B776A080266EBB9000FE7532 /* Controller */,
				B776A07F266EBB8600FE7532 /* View */,
				B776A07E266EBB8100FE7532 /* Model */,
			);
			path = F1RaceInfo;
			sourceTree = "<group>";
		};
		B776A07E266EBB8100FE7532 /* Model */ = {
			isa = PBXGroup;
			children = (
				B777BB392670C65300A48B55 /* FormulaData.swift */,
				B73FE34F2674DAB500747D25 /* Race.swift */,
				B73FE3522674DAC000747D25 /* Driver.swift */,
				B73FE36826752DD400747D25 /* Enumerations.swift */,
				B74CCF6C26755C36000C152E /* Identifiers.swift */,
			);
			path = Model;
			sourceTree = "<group>";
		};
		B776A07F266EBB8600FE7532 /* View */ = {
			isa = PBXGroup;
			children = (
				B77716CB2673F1D7005938C8 /* SuperTableViewController.swift */,
				B73FE37526755A3A00747D25 /* TableViewCell */,
				B73FE3652675268500747D25 /* AlertMessage.swift */,
			);
			path = View;
			sourceTree = "<group>";
		};
		B776A080266EBB9000FE7532 /* Controller */ = {
			isa = PBXGroup;
			children = (
				B77716C126739F2A005938C8 /* SearchViewController.swift */,
				B73FE34C2674C59C00747D25 /* CurrentYearViewController.swift */,
				B73FE35B2675148900747D25 /* WebViewController.swift */,
				B7766A7D2677B81B0006B628 /* DetailViewController.swift */,
			);
			path = Controller;
			sourceTree = "<group>";
		};
		B776A081266EBBA300FE7532 /* Networking */ = {
			isa = PBXGroup;
			children = (
				B777BB422670CC7200A48B55 /* QueryService.swift */,
			);
			path = Networking;
			sourceTree = "<group>";
		};
		B776A082266EBBAE00FE7532 /* Supporting Files */ = {
			isa = PBXGroup;
			children = (
				B776A074266EB87900FE7532 /* Info.plist */,
				B776A066266EB86E00FE7532 /* AppDelegate.swift */,
				B776A068266EB86E00FE7532 /* SceneDelegate.swift */,
				B776A06C266EB86E00FE7532 /* Main.storyboard */,
				B776A06F266EB87900FE7532 /* Assets.xcassets */,
				B776A071266EB87900FE7532 /* LaunchScreen.storyboard */,
			);
			path = "Supporting Files";
			sourceTree = "<group>";
		};
		DD12B98D6E82922FC3B809D8 /* Frameworks */ = {
			isa = PBXGroup;
			children = (
				B73FE35E2675159100747D25 /* WebKit.framework */,
				DC7955095DDC630FE398F29A /* Pods_F1RaceInfo.framework */,
			);
			name = Frameworks;
			sourceTree = "<group>";
		};
/* End PBXGroup section */

/* Begin PBXNativeTarget section */
		B776A062266EB86E00FE7532 /* F1RaceInfo */ = {
			isa = PBXNativeTarget;
			buildConfigurationList = B776A077266EB87900FE7532 /* Build configuration list for PBXNativeTarget "F1RaceInfo" */;
			buildPhases = (
				FAA3BC0F9930D8114AAE52B8 /* [CP] Check Pods Manifest.lock */,
				B776A05F266EB86E00FE7532 /* Sources */,
				B776A060266EB86E00FE7532 /* Frameworks */,
				B776A061266EB86E00FE7532 /* Resources */,
				B776A07C266EB97C00FE7532 /* ShellScript */,
				FFD463EE998B171107AA994B /* [CP] Embed Pods Frameworks */,
			);
			buildRules = (
			);
			dependencies = (
			);
			name = F1RaceInfo;
			productName = F1RaceInfo;
			productReference = B776A063266EB86E00FE7532 /* F1RaceInfo.app */;
			productType = "com.apple.product-type.application";
		};
/* End PBXNativeTarget section */

/* Begin PBXProject section */
		B776A05B266EB86E00FE7532 /* Project object */ = {
			isa = PBXProject;
			attributes = {
				LastSwiftUpdateCheck = 1240;
				LastUpgradeCheck = 1240;
				TargetAttributes = {
					B776A062266EB86E00FE7532 = {
						CreatedOnToolsVersion = 12.4;
					};
				};
			};
			buildConfigurationList = B776A05E266EB86E00FE7532 /* Build configuration list for PBXProject "F1RaceInfo" */;
			compatibilityVersion = "Xcode 9.3";
			developmentRegion = en;
			hasScannedForEncodings = 0;
			knownRegions = (
				en,
				Base,
			);
			mainGroup = B776A05A266EB86E00FE7532;
			productRefGroup = B776A064266EB86E00FE7532 /* Products */;
			projectDirPath = "";
			projectRoot = "";
			targets = (
				B776A062266EB86E00FE7532 /* F1RaceInfo */,
			);
		};
/* End PBXProject section */

/* Begin PBXResourcesBuildPhase section */
		B776A061266EB86E00FE7532 /* Resources */ = {
			isa = PBXResourcesBuildPhase;
			buildActionMask = 2147483647;
			files = (
				B776A089266EBFE900FE7532 /* .swiftlint.yml in Resources */,
				B777BB342670BFC700A48B55 /* ResultCell.xib in Resources */,
				B776A073266EB87900FE7532 /* LaunchScreen.storyboard in Resources */,
				B776A070266EB87900FE7532 /* Assets.xcassets in Resources */,
				B776A06E266EB86E00FE7532 /* Main.storyboard in Resources */,
				B73FE36E267531CA00747D25 /* ActivityCell.xib in Resources */,
			);
			runOnlyForDeploymentPostprocessing = 0;
		};
/* End PBXResourcesBuildPhase section */

/* Begin PBXShellScriptBuildPhase section */
		B776A07C266EB97C00FE7532 /* ShellScript */ = {
			isa = PBXShellScriptBuildPhase;
			buildActionMask = 2147483647;
			files = (
			);
			inputFileListPaths = (
			);
			inputPaths = (
			);
			outputFileListPaths = (
			);
			outputPaths = (
			);
			runOnlyForDeploymentPostprocessing = 0;
			shellPath = /bin/sh;
			shellScript = "if which swiftlint >/dev/null; then\n  swiftlint\nelse\n  echo \"warning: SwiftLint not installed, download from https://github.com/realm/SwiftLint\"\nfi\n";
		};
		FAA3BC0F9930D8114AAE52B8 /* [CP] Check Pods Manifest.lock */ = {
			isa = PBXShellScriptBuildPhase;
			buildActionMask = 2147483647;
			files = (
			);
			inputFileListPaths = (
			);
			inputPaths = (
				"${PODS_PODFILE_DIR_PATH}/Podfile.lock",
				"${PODS_ROOT}/Manifest.lock",
			);
			name = "[CP] Check Pods Manifest.lock";
			outputFileListPaths = (
			);
			outputPaths = (
				"$(DERIVED_FILE_DIR)/Pods-F1RaceInfo-checkManifestLockResult.txt",
			);
			runOnlyForDeploymentPostprocessing = 0;
			shellPath = /bin/sh;
			shellScript = "diff \"${PODS_PODFILE_DIR_PATH}/Podfile.lock\" \"${PODS_ROOT}/Manifest.lock\" > /dev/null\nif [ $? != 0 ] ; then\n    # print error to STDERR\n    echo \"error: The sandbox is not in sync with the Podfile.lock. Run 'pod install' or update your CocoaPods installation.\" >&2\n    exit 1\nfi\n# This output is used by Xcode 'outputs' to avoid re-running this script phase.\necho \"SUCCESS\" > \"${SCRIPT_OUTPUT_FILE_0}\"\n";
			showEnvVarsInLog = 0;
		};
		FFD463EE998B171107AA994B /* [CP] Embed Pods Frameworks */ = {
			isa = PBXShellScriptBuildPhase;
			buildActionMask = 2147483647;
			files = (
			);
			inputFileListPaths = (
				"${PODS_ROOT}/Target Support Files/Pods-F1RaceInfo/Pods-F1RaceInfo-frameworks-${CONFIGURATION}-input-files.xcfilelist",
			);
			name = "[CP] Embed Pods Frameworks";
			outputFileListPaths = (
				"${PODS_ROOT}/Target Support Files/Pods-F1RaceInfo/Pods-F1RaceInfo-frameworks-${CONFIGURATION}-output-files.xcfilelist",
			);
			runOnlyForDeploymentPostprocessing = 0;
			shellPath = /bin/sh;
			shellScript = "\"${PODS_ROOT}/Target Support Files/Pods-F1RaceInfo/Pods-F1RaceInfo-frameworks.sh\"\n";
			showEnvVarsInLog = 0;
		};
/* End PBXShellScriptBuildPhase section */

/* Begin PBXSourcesBuildPhase section */
		B776A05F266EB86E00FE7532 /* Sources */ = {
			isa = PBXSourcesBuildPhase;
			buildActionMask = 2147483647;
			files = (
				B73FE3532674DAC000747D25 /* Driver.swift in Sources */,
				B777BB372670C26A00A48B55 /* ResultCell.swift in Sources */,
				B73FE3662675268500747D25 /* AlertMessage.swift in Sources */,
				B77716C226739F2A005938C8 /* SearchViewController.swift in Sources */,
				B776A067266EB86E00FE7532 /* AppDelegate.swift in Sources */,
				B73FE3712675321C00747D25 /* ActivityCell.swift in Sources */,
				B77716CC2673F1D8005938C8 /* SuperTableViewController.swift in Sources */,
				B777BB3A2670C65300A48B55 /* FormulaData.swift in Sources */,
				B7766A7E2677B81B0006B628 /* DetailViewController.swift in Sources */,
				B74CCF6D26755C36000C152E /* Identifiers.swift in Sources */,
				B73FE3502674DAB500747D25 /* Race.swift in Sources */,
				B73FE36926752DD400747D25 /* Enumerations.swift in Sources */,
				B73FE34D2674C59C00747D25 /* CurrentYearViewController.swift in Sources */,
				B777BB432670CC7200A48B55 /* QueryService.swift in Sources */,
				B776A069266EB86E00FE7532 /* SceneDelegate.swift in Sources */,
				B73FE35C2675148900747D25 /* WebViewController.swift in Sources */,
			);
			runOnlyForDeploymentPostprocessing = 0;
		};
/* End PBXSourcesBuildPhase section */

/* Begin PBXVariantGroup section */
		B776A06C266EB86E00FE7532 /* Main.storyboard */ = {
			isa = PBXVariantGroup;
			children = (
				B776A06D266EB86E00FE7532 /* Base */,
			);
			name = Main.storyboard;
			sourceTree = "<group>";
		};
		B776A071266EB87900FE7532 /* LaunchScreen.storyboard */ = {
			isa = PBXVariantGroup;
			children = (
				B776A072266EB87900FE7532 /* Base */,
			);
			name = LaunchScreen.storyboard;
			sourceTree = "<group>";
		};
/* End PBXVariantGroup section */

/* Begin XCBuildConfiguration section */
		B776A075266EB87900FE7532 /* Debug */ = {
			isa = XCBuildConfiguration;
			buildSettings = {
				ALWAYS_SEARCH_USER_PATHS = NO;
				CLANG_ANALYZER_NONNULL = YES;
				CLANG_ANALYZER_NUMBER_OBJECT_CONVERSION = YES_AGGRESSIVE;
				CLANG_CXX_LANGUAGE_STANDARD = "gnu++14";
				CLANG_CXX_LIBRARY = "libc++";
				CLANG_ENABLE_MODULES = YES;
				CLANG_ENABLE_OBJC_ARC = YES;
				CLANG_ENABLE_OBJC_WEAK = YES;
				CLANG_WARN_BLOCK_CAPTURE_AUTORELEASING = YES;
				CLANG_WARN_BOOL_CONVERSION = YES;
				CLANG_WARN_COMMA = YES;
				CLANG_WARN_CONSTANT_CONVERSION = YES;
				CLANG_WARN_DEPRECATED_OBJC_IMPLEMENTATIONS = YES;
				CLANG_WARN_DIRECT_OBJC_ISA_USAGE = YES_ERROR;
				CLANG_WARN_DOCUMENTATION_COMMENTS = YES;
				CLANG_WARN_EMPTY_BODY = YES;
				CLANG_WARN_ENUM_CONVERSION = YES;
				CLANG_WARN_INFINITE_RECURSION = YES;
				CLANG_WARN_INT_CONVERSION = YES;
				CLANG_WARN_NON_LITERAL_NULL_CONVERSION = YES;
				CLANG_WARN_OBJC_IMPLICIT_RETAIN_SELF = YES;
				CLANG_WARN_OBJC_LITERAL_CONVERSION = YES;
				CLANG_WARN_OBJC_ROOT_CLASS = YES_ERROR;
				CLANG_WARN_QUOTED_INCLUDE_IN_FRAMEWORK_HEADER = YES;
				CLANG_WARN_RANGE_LOOP_ANALYSIS = YES;
				CLANG_WARN_STRICT_PROTOTYPES = YES;
				CLANG_WARN_SUSPICIOUS_MOVE = YES;
				CLANG_WARN_UNGUARDED_AVAILABILITY = YES_AGGRESSIVE;
				CLANG_WARN_UNREACHABLE_CODE = YES;
				CLANG_WARN__DUPLICATE_METHOD_MATCH = YES;
				COPY_PHASE_STRIP = NO;
				DEBUG_INFORMATION_FORMAT = dwarf;
				ENABLE_STRICT_OBJC_MSGSEND = YES;
				ENABLE_TESTABILITY = YES;
				GCC_C_LANGUAGE_STANDARD = gnu11;
				GCC_DYNAMIC_NO_PIC = NO;
				GCC_NO_COMMON_BLOCKS = YES;
				GCC_OPTIMIZATION_LEVEL = 0;
				GCC_PREPROCESSOR_DEFINITIONS = (
					"DEBUG=1",
					"$(inherited)",
				);
				GCC_WARN_64_TO_32_BIT_CONVERSION = YES;
				GCC_WARN_ABOUT_RETURN_TYPE = YES_ERROR;
				GCC_WARN_UNDECLARED_SELECTOR = YES;
				GCC_WARN_UNINITIALIZED_AUTOS = YES_AGGRESSIVE;
				GCC_WARN_UNUSED_FUNCTION = YES;
				GCC_WARN_UNUSED_VARIABLE = YES;
				INFOPLIST_FILE = "Supporting Files/Info.plist";
				IPHONEOS_DEPLOYMENT_TARGET = 14.4;
				MTL_ENABLE_DEBUG_INFO = INCLUDE_SOURCE;
				MTL_FAST_MATH = YES;
				ONLY_ACTIVE_ARCH = YES;
				SDKROOT = iphoneos;
				SWIFT_ACTIVE_COMPILATION_CONDITIONS = DEBUG;
				SWIFT_OPTIMIZATION_LEVEL = "-Onone";
			};
			name = Debug;
		};
		B776A076266EB87900FE7532 /* Release */ = {
			isa = XCBuildConfiguration;
			buildSettings = {
				ALWAYS_SEARCH_USER_PATHS = NO;
				CLANG_ANALYZER_NONNULL = YES;
				CLANG_ANALYZER_NUMBER_OBJECT_CONVERSION = YES_AGGRESSIVE;
				CLANG_CXX_LANGUAGE_STANDARD = "gnu++14";
				CLANG_CXX_LIBRARY = "libc++";
				CLANG_ENABLE_MODULES = YES;
				CLANG_ENABLE_OBJC_ARC = YES;
				CLANG_ENABLE_OBJC_WEAK = YES;
				CLANG_WARN_BLOCK_CAPTURE_AUTORELEASING = YES;
				CLANG_WARN_BOOL_CONVERSION = YES;
				CLANG_WARN_COMMA = YES;
				CLANG_WARN_CONSTANT_CONVERSION = YES;
				CLANG_WARN_DEPRECATED_OBJC_IMPLEMENTATIONS = YES;
				CLANG_WARN_DIRECT_OBJC_ISA_USAGE = YES_ERROR;
				CLANG_WARN_DOCUMENTATION_COMMENTS = YES;
				CLANG_WARN_EMPTY_BODY = YES;
				CLANG_WARN_ENUM_CONVERSION = YES;
				CLANG_WARN_INFINITE_RECURSION = YES;
				CLANG_WARN_INT_CONVERSION = YES;
				CLANG_WARN_NON_LITERAL_NULL_CONVERSION = YES;
				CLANG_WARN_OBJC_IMPLICIT_RETAIN_SELF = YES;
				CLANG_WARN_OBJC_LITERAL_CONVERSION = YES;
				CLANG_WARN_OBJC_ROOT_CLASS = YES_ERROR;
				CLANG_WARN_QUOTED_INCLUDE_IN_FRAMEWORK_HEADER = YES;
				CLANG_WARN_RANGE_LOOP_ANALYSIS = YES;
				CLANG_WARN_STRICT_PROTOTYPES = YES;
				CLANG_WARN_SUSPICIOUS_MOVE = YES;
				CLANG_WARN_UNGUARDED_AVAILABILITY = YES_AGGRESSIVE;
				CLANG_WARN_UNREACHABLE_CODE = YES;
				CLANG_WARN__DUPLICATE_METHOD_MATCH = YES;
				COPY_PHASE_STRIP = NO;
				DEBUG_INFORMATION_FORMAT = "dwarf-with-dsym";
				ENABLE_NS_ASSERTIONS = NO;
				ENABLE_STRICT_OBJC_MSGSEND = YES;
				GCC_C_LANGUAGE_STANDARD = gnu11;
				GCC_NO_COMMON_BLOCKS = YES;
				GCC_WARN_64_TO_32_BIT_CONVERSION = YES;
				GCC_WARN_ABOUT_RETURN_TYPE = YES_ERROR;
				GCC_WARN_UNDECLARED_SELECTOR = YES;
				GCC_WARN_UNINITIALIZED_AUTOS = YES_AGGRESSIVE;
				GCC_WARN_UNUSED_FUNCTION = YES;
				GCC_WARN_UNUSED_VARIABLE = YES;
				INFOPLIST_FILE = "Supporting Files/Info.plist";
				IPHONEOS_DEPLOYMENT_TARGET = 14.4;
				MTL_ENABLE_DEBUG_INFO = NO;
				MTL_FAST_MATH = YES;
				SDKROOT = iphoneos;
				SWIFT_COMPILATION_MODE = wholemodule;
				SWIFT_OPTIMIZATION_LEVEL = "-O";
				VALIDATE_PRODUCT = YES;
			};
			name = Release;
		};
		B776A078266EB87900FE7532 /* Debug */ = {
			isa = XCBuildConfiguration;
			baseConfigurationReference = 3C5B1F1287E438E566950DA5 /* Pods-F1RaceInfo.debug.xcconfig */;
			buildSettings = {
				ASSETCATALOG_COMPILER_APPICON_NAME = AppIcon;
				ASSETCATALOG_COMPILER_GLOBAL_ACCENT_COLOR_NAME = AccentColor;
				CODE_SIGN_STYLE = Automatic;
				DEVELOPMENT_TEAM = 5Y6989TCTS;
				INFOPLIST_FILE = "F1RaceInfo/Supporting Files/Info.plist";
				IPHONEOS_DEPLOYMENT_TARGET = 14.1;
				LD_RUNPATH_SEARCH_PATHS = (
					"$(inherited)",
					"@executable_path/Frameworks",
				);
				PRODUCT_BUNDLE_IDENTIFIER = com.lightrid.F1RaceInfo;
				PRODUCT_NAME = "$(TARGET_NAME)";
				SWIFT_VERSION = 5.0;
				TARGETED_DEVICE_FAMILY = "1,2";
			};
			name = Debug;
		};
		B776A079266EB87900FE7532 /* Release */ = {
			isa = XCBuildConfiguration;
			baseConfigurationReference = 919C58755B6026E2558A9CBA /* Pods-F1RaceInfo.release.xcconfig */;
			buildSettings = {
				ASSETCATALOG_COMPILER_APPICON_NAME = AppIcon;
				ASSETCATALOG_COMPILER_GLOBAL_ACCENT_COLOR_NAME = AccentColor;
				CODE_SIGN_STYLE = Automatic;
				DEVELOPMENT_TEAM = 5Y6989TCTS;
				INFOPLIST_FILE = "F1RaceInfo/Supporting Files/Info.plist";
				IPHONEOS_DEPLOYMENT_TARGET = 14.1;
				LD_RUNPATH_SEARCH_PATHS = (
					"$(inherited)",
					"@executable_path/Frameworks",
				);
				PRODUCT_BUNDLE_IDENTIFIER = com.lightrid.F1RaceInfo;
				PRODUCT_NAME = "$(TARGET_NAME)";
				SWIFT_VERSION = 5.0;
				TARGETED_DEVICE_FAMILY = "1,2";
			};
			name = Release;
		};
/* End XCBuildConfiguration section */

/* Begin XCConfigurationList section */
		B776A05E266EB86E00FE7532 /* Build configuration list for PBXProject "F1RaceInfo" */ = {
			isa = XCConfigurationList;
			buildConfigurations = (
				B776A075266EB87900FE7532 /* Debug */,
				B776A076266EB87900FE7532 /* Release */,
			);
			defaultConfigurationIsVisible = 0;
			defaultConfigurationName = Release;
		};
		B776A077266EB87900FE7532 /* Build configuration list for PBXNativeTarget "F1RaceInfo" */ = {
			isa = XCConfigurationList;
			buildConfigurations = (
				B776A078266EB87900FE7532 /* Debug */,
				B776A079266EB87900FE7532 /* Release */,
			);
			defaultConfigurationIsVisible = 0;
			defaultConfigurationName = Release;
		};
/* End XCConfigurationList section */
	};
	rootObject = B776A05B266EB86E00FE7532 /* Project object */;
}
